
Microsoft Visual Studio Solution File, Format Version 12.00
# Visual Studio 15
VisualStudioVersion = 15.0.28010.0
MinimumVisualStudioVersion = 10.0.40219.1
Project("{9A19103F-16F7-4668-BE54-9A1E7A4F7556}") = "DemoBlazorMspTechDays.Server", "DemoBlazorMspTechDays.Server\DemoBlazorMspTechDays.Server.csproj", "{324D64B5-6E02-4983-947B-6FB0DDB0CA5C}"
EndProject
Project("{9A19103F-16F7-4668-BE54-9A1E7A4F7556}") = "DemoBlazorMspTechDays.Client", "DemoBlazorMspTechDays.Client\DemoBlazorMspTechDays.Client.csproj", "{1CED6081-D802-49F4-A6F4-BA71866F44EA}"
EndProject
Project("{9A19103F-16F7-4668-BE54-9A1E7A4F7556}") = "DemoBlazorMspTechDays.Shared", "DemoBlazorMspTechDays.Shared\DemoBlazorMspTechDays.Shared.csproj", "{85B3F335-965C-4A4A-8C3E-647CE3D65CA6}"
EndProject
Global
	GlobalSection(SolutionConfigurationPlatforms) = preSolution
		Debug|Any CPU = Debug|Any CPU
		Release|Any CPU = Release|Any CPU
	EndGlobalSection
	GlobalSection(ProjectConfigurationPlatforms) = postSolution
		{324D64B5-6E02-4983-947B-6FB0DDB0CA5C}.Debug|Any CPU.ActiveCfg = Debug|Any CPU
		{324D64B5-6E02-4983-947B-6FB0DDB0CA5C}.Debug|Any CPU.Build.0 = Debug|Any CPU
		{324D64B5-6E02-4983-947B-6FB0DDB0CA5C}.Release|Any CPU.ActiveCfg = Release|Any CPU
		{324D64B5-6E02-4983-947B-6FB0DDB0CA5C}.Release|Any CPU.Build.0 = Release|Any CPU
		{1CED6081-D802-49F4-A6F4-BA71866F44EA}.Debug|Any CPU.ActiveCfg = Debug|Any CPU
		{1CED6081-D802-49F4-A6F4-BA71866F44EA}.Debug|Any CPU.Build.0 = Debug|Any CPU
		{1CED6081-D802-49F4-A6F4-BA71866F44EA}.Release|Any CPU.ActiveCfg = Release|Any CPU
		{1CED6081-D802-49F4-A6F4-BA71866F44EA}.Release|Any CPU.Build.0 = Release|Any CPU
		{85B3F335-965C-4A4A-8C3E-647CE3D65CA6}.Debug|Any CPU.ActiveCfg = Debug|Any CPU
		{85B3F335-965C-4A4A-8C3E-647CE3D65CA6}.Debug|Any CPU.Build.0 = Debug|Any CPU
		{85B3F335-965C-4A4A-8C3E-647CE3D65CA6}.Release|Any CPU.ActiveCfg = Release|Any CPU
		{85B3F335-965C-4A4A-8C3E-647CE3D65CA6}.Release|Any CPU.Build.0 = Release|Any CPU
	EndGlobalSection
	GlobalSection(SolutionProperties) = preSolution
		HideSolutionNode = FALSE
	EndGlobalSection
	GlobalSection(ExtensibilityGlobals) = postSolution
		SolutionGuid = {E7C227B2-E3E0-4E99-8A86-A2B636659FC5}
	EndGlobalSection
EndGlobal
